
Microsoft Visual Studio Solution File, Format Version 12.00
# Visual Studio Version 17
VisualStudioVersion = 17.0.32112.339
MinimumVisualStudioVersion = 10.0.40219.1
Project("{FAE04EC0-301F-11D3-BF4B-00C04F79EFBC}") = "Presentation_Layer", "Presentation_Layer\Presentation_Layer.csproj", "{49154EA5-4114-4A24-B21E-F4BB2209D1D2}"
EndProject
Project("{FAE04EC0-301F-11D3-BF4B-00C04F79EFBC}") = "BLL", "BLL\BLL.csproj", "{202114EE-5E7A-47BB-B365-E511FD78F2D2}"
EndProject
Project("{FAE04EC0-301F-11D3-BF4B-00C04F79EFBC}") = "DAL", "DAL\DAL.csproj", "{B9C36536-0D9A-4F4A-A41E-0551B8136C30}"
EndProject
Project("{FAE04EC0-301F-11D3-BF4B-00C04F79EFBC}") = "AppAPI", "AppAPI\AppAPI.csproj", "{6D3C7D1F-41B0-4334-9690-023B2422F59C}"
EndProject
Global
	GlobalSection(SolutionConfigurationPlatforms) = preSolution
		Debug|Any CPU = Debug|Any CPU
		Release|Any CPU = Release|Any CPU
	EndGlobalSection
	GlobalSection(ProjectConfigurationPlatforms) = postSolution
		{49154EA5-4114-4A24-B21E-F4BB2209D1D2}.Debug|Any CPU.ActiveCfg = Debug|Any CPU
		{49154EA5-4114-4A24-B21E-F4BB2209D1D2}.Debug|Any CPU.Build.0 = Debug|Any CPU
		{49154EA5-4114-4A24-B21E-F4BB2209D1D2}.Release|Any CPU.ActiveCfg = Release|Any CPU
		{49154EA5-4114-4A24-B21E-F4BB2209D1D2}.Release|Any CPU.Build.0 = Release|Any CPU
		{202114EE-5E7A-47BB-B365-E511FD78F2D2}.Debug|Any CPU.ActiveCfg = Debug|Any CPU
		{202114EE-5E7A-47BB-B365-E511FD78F2D2}.Debug|Any CPU.Build.0 = Debug|Any CPU
		{202114EE-5E7A-47BB-B365-E511FD78F2D2}.Release|Any CPU.ActiveCfg = Release|Any CPU
		{202114EE-5E7A-47BB-B365-E511FD78F2D2}.Release|Any CPU.Build.0 = Release|Any CPU
		{B9C36536-0D9A-4F4A-A41E-0551B8136C30}.Debug|Any CPU.ActiveCfg = Debug|Any CPU
		{B9C36536-0D9A-4F4A-A41E-0551B8136C30}.Debug|Any CPU.Build.0 = Debug|Any CPU
		{B9C36536-0D9A-4F4A-A41E-0551B8136C30}.Release|Any CPU.ActiveCfg = Release|Any CPU
		{B9C36536-0D9A-4F4A-A41E-0551B8136C30}.Release|Any CPU.Build.0 = Release|Any CPU
		{6D3C7D1F-41B0-4334-9690-023B2422F59C}.Debug|Any CPU.ActiveCfg = Debug|Any CPU
		{6D3C7D1F-41B0-4334-9690-023B2422F59C}.Debug|Any CPU.Build.0 = Debug|Any CPU
		{6D3C7D1F-41B0-4334-9690-023B2422F59C}.Release|Any CPU.ActiveCfg = Release|Any CPU
		{6D3C7D1F-41B0-4334-9690-023B2422F59C}.Release|Any CPU.Build.0 = Release|Any CPU
	EndGlobalSection
	GlobalSection(SolutionProperties) = preSolution
		HideSolutionNode = FALSE
	EndGlobalSection
	GlobalSection(ExtensibilityGlobals) = postSolution
		SolutionGuid = {2BA88315-9993-4C9E-8043-7BD4A1EF09B3}
	EndGlobalSection
EndGlobal
